
Microsoft Visual Studio Solution File, Format Version 12.00
# Visual Studio 2012
Project("{FAE04EC0-301F-11D3-BF4B-00C04F79EFBC}") = "AppCheckbox", "AppCheckbox\AppCheckbox.csproj", "{34295228-FDA7-4814-AF83-0A3753BC758D}"
EndProject
Global
	GlobalSection(SolutionConfigurationPlatforms) = preSolution
		Debug|Any CPU = Debug|Any CPU
		Release|Any CPU = Release|Any CPU
	EndGlobalSection
	GlobalSection(ProjectConfigurationPlatforms) = postSolution
		{34295228-FDA7-4814-AF83-0A3753BC758D}.Debug|Any CPU.ActiveCfg = Debug|Any CPU
		{34295228-FDA7-4814-AF83-0A3753BC758D}.Debug|Any CPU.Build.0 = Debug|Any CPU
		{34295228-FDA7-4814-AF83-0A3753BC758D}.Release|Any CPU.ActiveCfg = Release|Any CPU
		{34295228-FDA7-4814-AF83-0A3753BC758D}.Release|Any CPU.Build.0 = Release|Any CPU
	EndGlobalSection
	GlobalSection(SolutionProperties) = preSolution
		HideSolutionNode = FALSE
	EndGlobalSection
EndGlobal
